
Microsoft Visual Studio Solution File, Format Version 12.00
# Visual Studio Version 16
VisualStudioVersion = 16.0.31005.135
MinimumVisualStudioVersion = 10.0.40219.1
Project("{FAE04EC0-301F-11D3-BF4B-00C04F79EFBC}") = "PawDiscordBot", "PawDiscordBot\PawDiscordBot.csproj", "{F9910819-BA56-45C3-A2E1-91851E162A59}"
EndProject
Project("{FAE04EC0-301F-11D3-BF4B-00C04F79EFBC}") = "CasualBot", "CasualBot\CasualBot.csproj", "{D16FD5B2-5372-4F58-A78F-B656666A9982}"
EndProject
Project("{FAE04EC0-301F-11D3-BF4B-00C04F79EFBC}") = "DiscordModules", "DiscordModules\DiscordModules.csproj", "{E6CB6702-8F2F-4C4C-8ED1-8815CD8DBCA7}"
EndProject
Global
	GlobalSection(SolutionConfigurationPlatforms) = preSolution
		Debug|Any CPU = Debug|Any CPU
		Release|Any CPU = Release|Any CPU
	EndGlobalSection
	GlobalSection(ProjectConfigurationPlatforms) = postSolution
		{F9910819-BA56-45C3-A2E1-91851E162A59}.Debug|Any CPU.ActiveCfg = Debug|Any CPU
		{F9910819-BA56-45C3-A2E1-91851E162A59}.Debug|Any CPU.Build.0 = Debug|Any CPU
		{F9910819-BA56-45C3-A2E1-91851E162A59}.Release|Any CPU.ActiveCfg = Release|Any CPU
		{F9910819-BA56-45C3-A2E1-91851E162A59}.Release|Any CPU.Build.0 = Release|Any CPU
		{D16FD5B2-5372-4F58-A78F-B656666A9982}.Debug|Any CPU.ActiveCfg = Debug|Any CPU
		{D16FD5B2-5372-4F58-A78F-B656666A9982}.Debug|Any CPU.Build.0 = Debug|Any CPU
		{D16FD5B2-5372-4F58-A78F-B656666A9982}.Release|Any CPU.ActiveCfg = Release|Any CPU
		{D16FD5B2-5372-4F58-A78F-B656666A9982}.Release|Any CPU.Build.0 = Release|Any CPU
		{E6CB6702-8F2F-4C4C-8ED1-8815CD8DBCA7}.Debug|Any CPU.ActiveCfg = Debug|Any CPU
		{E6CB6702-8F2F-4C4C-8ED1-8815CD8DBCA7}.Debug|Any CPU.Build.0 = Debug|Any CPU
		{E6CB6702-8F2F-4C4C-8ED1-8815CD8DBCA7}.Release|Any CPU.ActiveCfg = Release|Any CPU
		{E6CB6702-8F2F-4C4C-8ED1-8815CD8DBCA7}.Release|Any CPU.Build.0 = Release|Any CPU
	EndGlobalSection
	GlobalSection(SolutionProperties) = preSolution
		HideSolutionNode = FALSE
	EndGlobalSection
	GlobalSection(ExtensibilityGlobals) = postSolution
		SolutionGuid = {D2B43A8A-E303-4FC9-8074-F77B33DDEB77}
	EndGlobalSection
EndGlobal
